
Microsoft Visual Studio Solution File, Format Version 12.00
# Visual Studio 15
VisualStudioVersion = 15.0.27004.2008
MinimumVisualStudioVersion = 10.0.40219.1
Project("{FAE04EC0-301F-11D3-BF4B-00C04F79EFBC}") = "Lab4", "Lab4\Lab4.csproj", "{24F96063-AB65-4AB9-9E9F-F80765B1F05A}"
EndProject
Global
	GlobalSection(SolutionConfigurationPlatforms) = preSolution
		Debug|Any CPU = Debug|Any CPU
		Release|Any CPU = Release|Any CPU
	EndGlobalSection
	GlobalSection(ProjectConfigurationPlatforms) = postSolution
		{24F96063-AB65-4AB9-9E9F-F80765B1F05A}.Debug|Any CPU.ActiveCfg = Debug|Any CPU
		{24F96063-AB65-4AB9-9E9F-F80765B1F05A}.Debug|Any CPU.Build.0 = Debug|Any CPU
		{24F96063-AB65-4AB9-9E9F-F80765B1F05A}.Release|Any CPU.ActiveCfg = Release|Any CPU
		{24F96063-AB65-4AB9-9E9F-F80765B1F05A}.Release|Any CPU.Build.0 = Release|Any CPU
	EndGlobalSection
	GlobalSection(SolutionProperties) = preSolution
		HideSolutionNode = FALSE
	EndGlobalSection
	GlobalSection(ExtensibilityGlobals) = postSolution
		SolutionGuid = {48EC1676-7805-438A-BF93-05774B7FA923}
	EndGlobalSection
EndGlobal
